// !$*UTF8*$!
{
	archiveVersion = 1;
	classes = {
	};
	objectVersion = 46;
	objects = {

/* Begin PBXBuildFile section */
		73251EFC12893F42008CD18E /* Localizable.strings in Resources */ = {isa = PBXBuildFile; fileRef = 73251EFA12893F42008CD18E /* Localizable.strings */; };
		733D2385128B1707006033B0 /* help in Resources */ = {isa = PBXBuildFile; fileRef = 733D2380128B1707006033B0 /* help */; };
		73BD7D91128A8350003013D4 /* InfoPlist.strings in Resources */ = {isa = PBXBuildFile; fileRef = 73BD7D8F128A8350003013D4 /* InfoPlist.strings */; };
		FE256DDF098754DD003C11F1 /* Cuppa_Render.h in Headers */ = {isa = PBXBuildFile; fileRef = F538F2C5020362E401A80001 /* Cuppa_Render.h */; };
		FE256DE0098754DD003C11F1 /* Cuppa_Control.h in Headers */ = {isa = PBXBuildFile; fileRef = F538F2CD020371E201A80001 /* Cuppa_Control.h */; };
		FE256DE1098754DD003C11F1 /* Cuppa_Bevy.h in Headers */ = {isa = PBXBuildFile; fileRef = F51AB8AD0204B17101A80001 /* Cuppa_Bevy.h */; };
		FE256DE2098754DD003C11F1 /* Cuppa_Shape.h in Headers */ = {isa = PBXBuildFile; fileRef = F51AB8AF0204B27301A80001 /* Cuppa_Shape.h */; };
		FE256DE9098754DD003C11F1 /* pour.aiff in Resources */ = {isa = PBXBuildFile; fileRef = F5F82AB102B1B0A201000008 /* pour.aiff */; };
		FE256DEA098754DD003C11F1 /* spoon.aiff in Resources */ = {isa = PBXBuildFile; fileRef = F5F82AB202B1B0A201000008 /* spoon.aiff */; };
		FE256DEB098754DD003C11F1 /* teacup16.png in Resources */ = {isa = PBXBuildFile; fileRef = F5F82AB502B1B6D201000008 /* teacup16.png */; };
		FE256DFB098754DD003C11F1 /* beep.aiff in Resources */ = {isa = PBXBuildFile; fileRef = FE5C9162092EC6E3003821C5 /* beep.aiff */; };
		FE256DFD098754DD003C11F1 /* main.m in Sources */ = {isa = PBXBuildFile; fileRef = 29B97316FDCFA39411CA2CEA /* main.m */; settings = {ATTRIBUTES = (); }; };
		FE256DFE098754DD003C11F1 /* Cuppa_Render.m in Sources */ = {isa = PBXBuildFile; fileRef = F538F2C6020362E401A80001 /* Cuppa_Render.m */; };
		FE256DFF098754DD003C11F1 /* Cuppa_Control.m in Sources */ = {isa = PBXBuildFile; fileRef = F538F2CB020371B601A80001 /* Cuppa_Control.m */; };
		FE256E00098754DD003C11F1 /* Cuppa_Shape.m in Sources */ = {isa = PBXBuildFile; fileRef = F51AB8B10204B4E101A80001 /* Cuppa_Shape.m */; };
		FE256E01098754DD003C11F1 /* Cuppa_Bevy.m in Sources */ = {isa = PBXBuildFile; fileRef = F51AB8B40204C19D01A80001 /* Cuppa_Bevy.m */; };
		FE256E03098754DD003C11F1 /* Carbon.framework in Frameworks */ = {isa = PBXBuildFile; fileRef = FECF5BAD08DC6F6A00010F73 /* Carbon.framework */; };
		FE256E04098754DD003C11F1 /* Cocoa.framework in Frameworks */ = {isa = PBXBuildFile; fileRef = FECF5BAE08DC6F6A00010F73 /* Cocoa.framework */; };
		FE2940A41F970FB3003119BF /* Cuppa_Render.h in Headers */ = {isa = PBXBuildFile; fileRef = F538F2C5020362E401A80001 /* Cuppa_Render.h */; };
		FE2940A51F970FB3003119BF /* Cuppa_Control.h in Headers */ = {isa = PBXBuildFile; fileRef = F538F2CD020371E201A80001 /* Cuppa_Control.h */; };
		FE2940A61F970FB3003119BF /* Cuppa_Bevy.h in Headers */ = {isa = PBXBuildFile; fileRef = F51AB8AD0204B17101A80001 /* Cuppa_Bevy.h */; };
		FE2940A71F970FB3003119BF /* Cuppa_Shape.h in Headers */ = {isa = PBXBuildFile; fileRef = F51AB8AF0204B27301A80001 /* Cuppa_Shape.h */; };
		FE2940A91F970FB3003119BF /* pour.aiff in Resources */ = {isa = PBXBuildFile; fileRef = F5F82AB102B1B0A201000008 /* pour.aiff */; };
		FE2940AA1F970FB3003119BF /* spoon.aiff in Resources */ = {isa = PBXBuildFile; fileRef = F5F82AB202B1B0A201000008 /* spoon.aiff */; };
		FE2940AB1F970FB3003119BF /* teacup16.png in Resources */ = {isa = PBXBuildFile; fileRef = F5F82AB502B1B6D201000008 /* teacup16.png */; };
		FE2940AD1F970FB3003119BF /* teacup16@2x.png in Resources */ = {isa = PBXBuildFile; fileRef = FE9A9C8C1F847F5100F9AA57 /* teacup16@2x.png */; };
		FE2940AE1F970FB3003119BF /* beep.aiff in Resources */ = {isa = PBXBuildFile; fileRef = FE5C9162092EC6E3003821C5 /* beep.aiff */; };
		FE2940AF1F970FB3003119BF /* Localizable.strings in Resources */ = {isa = PBXBuildFile; fileRef = 73251EFA12893F42008CD18E /* Localizable.strings */; };
		FE2940B01F970FB3003119BF /* InfoPlist.strings in Resources */ = {isa = PBXBuildFile; fileRef = 73BD7D8F128A8350003013D4 /* InfoPlist.strings */; };
		FE2940B11F970FB3003119BF /* icon.iconset in Resources */ = {isa = PBXBuildFile; fileRef = FE3F19C11F81CB6A0066AD74 /* icon.iconset */; };
		FE2940B21F970FB3003119BF /* help in Resources */ = {isa = PBXBuildFile; fileRef = 733D2380128B1707006033B0 /* help */; };
		FE2940B41F970FB3003119BF /* main.m in Sources */ = {isa = PBXBuildFile; fileRef = 29B97316FDCFA39411CA2CEA /* main.m */; settings = {ATTRIBUTES = (); }; };
		FE2940B51F970FB3003119BF /* Cuppa_Render.m in Sources */ = {isa = PBXBuildFile; fileRef = F538F2C6020362E401A80001 /* Cuppa_Render.m */; };
		FE2940B61F970FB3003119BF /* Cuppa_Control.m in Sources */ = {isa = PBXBuildFile; fileRef = F538F2CB020371B601A80001 /* Cuppa_Control.m */; };
		FE2940B71F970FB3003119BF /* Cuppa_Shape.m in Sources */ = {isa = PBXBuildFile; fileRef = F51AB8B10204B4E101A80001 /* Cuppa_Shape.m */; };
		FE2940B81F970FB3003119BF /* Cuppa_Bevy.m in Sources */ = {isa = PBXBuildFile; fileRef = F51AB8B40204C19D01A80001 /* Cuppa_Bevy.m */; };
		FE2940BA1F970FB3003119BF /* Carbon.framework in Frameworks */ = {isa = PBXBuildFile; fileRef = FECF5BAD08DC6F6A00010F73 /* Carbon.framework */; };
		FE2940BB1F970FB3003119BF /* Cocoa.framework in Frameworks */ = {isa = PBXBuildFile; fileRef = FECF5BAE08DC6F6A00010F73 /* Cocoa.framework */; };
		FE3F19C21F81CB6A0066AD74 /* icon.iconset in Resources */ = {isa = PBXBuildFile; fileRef = FE3F19C11F81CB6A0066AD74 /* icon.iconset */; };
		FE9A9C8D1F847F5100F9AA57 /* teacup16@2x.png in Resources */ = {isa = PBXBuildFile; fileRef = FE9A9C8C1F847F5100F9AA57 /* teacup16@2x.png */; };
		FEA6ABB11055B23D00C436D8 /* Sparkle.framework in Frameworks */ = {isa = PBXBuildFile; fileRef = FEA6ABB01055B23D00C436D8 /* Sparkle.framework */; };
		FEA6ABC61055B2D200C436D8 /* Sparkle.framework in CopyFiles */ = {isa = PBXBuildFile; fileRef = FEA6ABB01055B23D00C436D8 /* Sparkle.framework */; settings = {ATTRIBUTES = (CodeSignOnCopy, ); }; };
		FED92D092702977200C1EF82 /* MainMenu.xib in Resources */ = {isa = PBXBuildFile; fileRef = FED92D0C2702977200C1EF82 /* MainMenu.xib */; };
		FED92D0A2702977200C1EF82 /* MainMenu.xib in Resources */ = {isa = PBXBuildFile; fileRef = FED92D0C2702977200C1EF82 /* MainMenu.xib */; };
/* End PBXBuildFile section */

/* Begin PBXCopyFilesBuildPhase section */
		FE4295AA0DC37BA800C2F743 /* CopyFiles */ = {
			isa = PBXCopyFilesBuildPhase;
			buildActionMask = 2147483647;
			dstPath = "";
			dstSubfolderSpec = 10;
			files = (
				FEA6ABC61055B2D200C436D8 /* Sparkle.framework in CopyFiles */,
			);
			runOnlyForDeploymentPostprocessing = 0;
		};
/* End PBXCopyFilesBuildPhase section */

/* Begin PBXFileReference section */
		29B97316FDCFA39411CA2CEA /* main.m */ = {isa = PBXFileReference; lastKnownFileType = sourcecode.c.objc; name = main.m; path = source/main.m; sourceTree = SOURCE_ROOT; };
		29B97324FDCFA39411CA2CEA /* AppKit.framework */ = {isa = PBXFileReference; lastKnownFileType = wrapper.framework; name = AppKit.framework; path = /System/Library/Frameworks/AppKit.framework; sourceTree = "<absolute>"; };
		29B97325FDCFA39411CA2CEA /* Foundation.framework */ = {isa = PBXFileReference; lastKnownFileType = wrapper.framework; name = Foundation.framework; path = /System/Library/Frameworks/Foundation.framework; sourceTree = "<absolute>"; };
		F51AB8AD0204B17101A80001 /* Cuppa_Bevy.h */ = {isa = PBXFileReference; lastKnownFileType = sourcecode.c.h; name = Cuppa_Bevy.h; path = source/Cuppa_Bevy.h; sourceTree = "<group>"; };
		F51AB8AF0204B27301A80001 /* Cuppa_Shape.h */ = {isa = PBXFileReference; lastKnownFileType = sourcecode.c.h; name = Cuppa_Shape.h; path = source/Cuppa_Shape.h; sourceTree = "<group>"; };
		F51AB8B10204B4E101A80001 /* Cuppa_Shape.m */ = {isa = PBXFileReference; lastKnownFileType = sourcecode.c.objc; name = Cuppa_Shape.m; path = source/Cuppa_Shape.m; sourceTree = "<group>"; };
		F51AB8B40204C19D01A80001 /* Cuppa_Bevy.m */ = {isa = PBXFileReference; lastKnownFileType = sourcecode.c.objc; name = Cuppa_Bevy.m; path = source/Cuppa_Bevy.m; sourceTree = "<group>"; };
		F538F2C5020362E401A80001 /* Cuppa_Render.h */ = {isa = PBXFileReference; lastKnownFileType = sourcecode.c.h; name = Cuppa_Render.h; path = source/Cuppa_Render.h; sourceTree = SOURCE_ROOT; };
		F538F2C6020362E401A80001 /* Cuppa_Render.m */ = {isa = PBXFileReference; lastKnownFileType = sourcecode.c.objc; name = Cuppa_Render.m; path = source/Cuppa_Render.m; sourceTree = SOURCE_ROOT; };
		F538F2CB020371B601A80001 /* Cuppa_Control.m */ = {isa = PBXFileReference; lastKnownFileType = sourcecode.c.objc; name = Cuppa_Control.m; path = source/Cuppa_Control.m; sourceTree = "<group>"; };
		F538F2CD020371E201A80001 /* Cuppa_Control.h */ = {isa = PBXFileReference; lastKnownFileType = sourcecode.c.h; name = Cuppa_Control.h; path = source/Cuppa_Control.h; sourceTree = "<group>"; };
		F5F82AB102B1B0A201000008 /* pour.aiff */ = {isa = PBXFileReference; lastKnownFileType = audio.aiff; name = pour.aiff; path = sound/pour.aiff; sourceTree = SOURCE_ROOT; };
		F5F82AB202B1B0A201000008 /* spoon.aiff */ = {isa = PBXFileReference; lastKnownFileType = audio.aiff; name = spoon.aiff; path = sound/spoon.aiff; sourceTree = SOURCE_ROOT; };
		F5F82AB502B1B6D201000008 /* teacup16.png */ = {isa = PBXFileReference; lastKnownFileType = image.png; name = teacup16.png; path = art/teacup16.png; sourceTree = SOURCE_ROOT; };
		FE047FEB1F8ACE0C007333E7 /* README.md */ = {isa = PBXFileReference; fileEncoding = 4; lastKnownFileType = net.daringfireball.markdown; path = README.md; sourceTree = "<group>"; };
		FE256E0C098754DD003C11F1 /* Info-cuppa.plist */ = {isa = PBXFileReference; lastKnownFileType = text.plist.xml; path = "Info-cuppa.plist"; sourceTree = "<group>"; };
		FE256E0D098754DD003C11F1 /* Cuppa.app */ = {isa = PBXFileReference; explicitFileType = wrapper.application; includeInIndex = 0; path = Cuppa.app; sourceTree = BUILT_PRODUCTS_DIR; };
		FE2940C61F970FB3003119BF /* Cuppa.app */ = {isa = PBXFileReference; explicitFileType = wrapper.application; includeInIndex = 0; path = Cuppa.app; sourceTree = BUILT_PRODUCTS_DIR; };
		FE2940C81F970FE1003119BF /* Cuppa-appstore.entitlements */ = {isa = PBXFileReference; lastKnownFileType = text.plist.entitlements; path = "Cuppa-appstore.entitlements"; sourceTree = "<group>"; };
		FE29BCEF2708D16C009C3D11 /* fr.xcloc */ = {isa = PBXFileReference; lastKnownFileType = wrapper; path = fr.xcloc; sourceTree = "<group>"; };
		FE29BCF02708D16C009C3D11 /* it.xcloc */ = {isa = PBXFileReference; lastKnownFileType = wrapper; path = it.xcloc; sourceTree = "<group>"; };
		FE29BCF12708D16C009C3D11 /* cs.xcloc */ = {isa = PBXFileReference; lastKnownFileType = wrapper; path = cs.xcloc; sourceTree = "<group>"; };
		FE29BCF22708D16C009C3D11 /* en.xcloc */ = {isa = PBXFileReference; lastKnownFileType = wrapper; path = en.xcloc; sourceTree = "<group>"; };
		FE29BCF32708D16C009C3D11 /* de.xcloc */ = {isa = PBXFileReference; lastKnownFileType = wrapper; path = de.xcloc; sourceTree = "<group>"; };
		FE3F19C11F81CB6A0066AD74 /* icon.iconset */ = {isa = PBXFileReference; lastKnownFileType = folder.iconset; name = icon.iconset; path = art/icon.iconset; sourceTree = "<group>"; };
		FE46DF4B2974ED3800785EBA /* ru.xcloc */ = {isa = PBXFileReference; lastKnownFileType = wrapper; path = ru.xcloc; sourceTree = "<group>"; };
		FE46DF4C2974ED3800785EBA /* uk.xcloc */ = {isa = PBXFileReference; lastKnownFileType = wrapper; path = uk.xcloc; sourceTree = "<group>"; };
		FE4DDAA91F81968B007C1FEB /* Cuppa.entitlements */ = {isa = PBXFileReference; lastKnownFileType = text.plist.entitlements; path = Cuppa.entitlements; sourceTree = "<group>"; };
		FE50C1922974EEDB0034CBC1 /* ru */ = {isa = PBXFileReference; lastKnownFileType = text.plist.strings; name = ru; path = ru.lproj/MainMenu.strings; sourceTree = "<group>"; };
		FE50C1932974EEDB0034CBC1 /* ru */ = {isa = PBXFileReference; lastKnownFileType = folder; name = ru; path = ru.lproj/help; sourceTree = "<group>"; };
		FE50C1942974EEDB0034CBC1 /* ru */ = {isa = PBXFileReference; lastKnownFileType = text.plist.strings; name = ru; path = ru.lproj/InfoPlist.strings; sourceTree = "<group>"; };
		FE50C1952974EEDB0034CBC1 /* ru */ = {isa = PBXFileReference; lastKnownFileType = text.plist.strings; name = ru; path = ru.lproj/Localizable.strings; sourceTree = "<group>"; };
		FE50C1962974EF9E0034CBC1 /* uk */ = {isa = PBXFileReference; lastKnownFileType = text.plist.strings; name = uk; path = uk.lproj/MainMenu.strings; sourceTree = "<group>"; };
		FE50C1972974EF9E0034CBC1 /* uk */ = {isa = PBXFileReference; lastKnownFileType = folder; name = uk; path = uk.lproj/help; sourceTree = "<group>"; };
		FE50C1982974EF9E0034CBC1 /* uk */ = {isa = PBXFileReference; lastKnownFileType = text.plist.strings; name = uk; path = uk.lproj/InfoPlist.strings; sourceTree = "<group>"; };
		FE50C1992974EF9E0034CBC1 /* uk */ = {isa = PBXFileReference; lastKnownFileType = text.plist.strings; name = uk; path = uk.lproj/Localizable.strings; sourceTree = "<group>"; };
		FE5C9162092EC6E3003821C5 /* beep.aiff */ = {isa = PBXFileReference; lastKnownFileType = audio.aiff; name = beep.aiff; path = sound/beep.aiff; sourceTree = "<group>"; };
		FE9207452564BE2400B7A6B2 /* LICENSE.txt */ = {isa = PBXFileReference; lastKnownFileType = text; path = LICENSE.txt; sourceTree = "<group>"; };
		FE9A9C8C1F847F5100F9AA57 /* teacup16@2x.png */ = {isa = PBXFileReference; lastKnownFileType = image.png; name = "teacup16@2x.png"; path = "art/teacup16@2x.png"; sourceTree = "<group>"; };
		FEA0D9C4270298AE00955E39 /* en */ = {isa = PBXFileReference; lastKnownFileType = text.plist.strings; name = en; path = en.lproj/MainMenu.strings; sourceTree = "<group>"; };
		FEA42E03225183C800A50A78 /* it */ = {isa = PBXFileReference; lastKnownFileType = text.plist.strings; name = it; path = it.lproj/InfoPlist.strings; sourceTree = "<group>"; };
		FEA42E04225183C800A50A78 /* it */ = {isa = PBXFileReference; lastKnownFileType = text.plist.strings; name = it; path = it.lproj/Localizable.strings; sourceTree = "<group>"; };
		FEA42E06225183C900A50A78 /* it */ = {isa = PBXFileReference; lastKnownFileType = folder; name = it; path = it.lproj/help; sourceTree = "<group>"; };
		FEA42E07225183DF00A50A78 /* fr */ = {isa = PBXFileReference; lastKnownFileType = text.plist.strings; name = fr; path = fr.lproj/InfoPlist.strings; sourceTree = "<group>"; };
		FEA42E08225183E000A50A78 /* fr */ = {isa = PBXFileReference; lastKnownFileType = text.plist.strings; name = fr; path = fr.lproj/Localizable.strings; sourceTree = "<group>"; };
		FEA42E0A225183E000A50A78 /* fr */ = {isa = PBXFileReference; lastKnownFileType = folder; name = fr; path = fr.lproj/help; sourceTree = "<group>"; };
		FEA42E0B225183E700A50A78 /* cs */ = {isa = PBXFileReference; lastKnownFileType = text.plist.strings; name = cs; path = cs.lproj/InfoPlist.strings; sourceTree = "<group>"; };
		FEA42E0C225183E700A50A78 /* cs */ = {isa = PBXFileReference; lastKnownFileType = text.plist.strings; name = cs; path = cs.lproj/Localizable.strings; sourceTree = "<group>"; };
		FEA42E0E225183E700A50A78 /* cs */ = {isa = PBXFileReference; lastKnownFileType = folder; name = cs; path = cs.lproj/help; sourceTree = "<group>"; };
		FEA42E0F225183EA00A50A78 /* de */ = {isa = PBXFileReference; lastKnownFileType = text.plist.strings; name = de; path = de.lproj/InfoPlist.strings; sourceTree = "<group>"; };
		FEA42E10225183EA00A50A78 /* de */ = {isa = PBXFileReference; lastKnownFileType = text.plist.strings; name = de; path = de.lproj/Localizable.strings; sourceTree = "<group>"; };
		FEA42E12225183EA00A50A78 /* de */ = {isa = PBXFileReference; lastKnownFileType = folder; name = de; path = de.lproj/help; sourceTree = "<group>"; };
		FEA42E13225183F200A50A78 /* en */ = {isa = PBXFileReference; lastKnownFileType = text.plist.strings; name = en; path = en.lproj/InfoPlist.strings; sourceTree = "<group>"; };
		FEA42E14225183F200A50A78 /* en */ = {isa = PBXFileReference; lastKnownFileType = text.plist.strings; name = en; path = en.lproj/Localizable.strings; sourceTree = "<group>"; };
		FEA42E16225183F200A50A78 /* en */ = {isa = PBXFileReference; lastKnownFileType = folder; name = en; path = en.lproj/help; sourceTree = "<group>"; };
		FEA6ABB01055B23D00C436D8 /* Sparkle.framework */ = {isa = PBXFileReference; lastKnownFileType = wrapper.framework; path = Sparkle.framework; sourceTree = SOURCE_ROOT; };
		FECF5BAD08DC6F6A00010F73 /* Carbon.framework */ = {isa = PBXFileReference; lastKnownFileType = wrapper.framework; name = Carbon.framework; path = /System/Library/Frameworks/Carbon.framework; sourceTree = "<absolute>"; };
		FECF5BAE08DC6F6A00010F73 /* Cocoa.framework */ = {isa = PBXFileReference; lastKnownFileType = wrapper.framework; name = Cocoa.framework; path = /System/Library/Frameworks/Cocoa.framework; sourceTree = "<absolute>"; };
		FED3F33C2741BC7700E0F7F7 /* es.xcloc */ = {isa = PBXFileReference; lastKnownFileType = wrapper; path = es.xcloc; sourceTree = "<group>"; };
		FED3F33D2741BC7700E0F7F7 /* nl.xcloc */ = {isa = PBXFileReference; lastKnownFileType = wrapper; path = nl.xcloc; sourceTree = "<group>"; };
		FED3F33E2741BFA400E0F7F7 /* es */ = {isa = PBXFileReference; lastKnownFileType = text.plist.strings; name = es; path = es.lproj/MainMenu.strings; sourceTree = "<group>"; };
		FED3F33F2741BFA400E0F7F7 /* es */ = {isa = PBXFileReference; lastKnownFileType = text.plist.strings; name = es; path = es.lproj/InfoPlist.strings; sourceTree = "<group>"; };
		FED3F3402741BFA400E0F7F7 /* es */ = {isa = PBXFileReference; lastKnownFileType = text.plist.strings; name = es; path = es.lproj/Localizable.strings; sourceTree = "<group>"; };
		FED3F3412741C39A00E0F7F7 /* nl */ = {isa = PBXFileReference; lastKnownFileType = text.plist.strings; name = nl; path = nl.lproj/MainMenu.strings; sourceTree = "<group>"; };
		FED3F3422741C39A00E0F7F7 /* nl */ = {isa = PBXFileReference; lastKnownFileType = folder; name = nl; path = nl.lproj/help; sourceTree = "<group>"; };
		FED3F3432741C39A00E0F7F7 /* nl */ = {isa = PBXFileReference; lastKnownFileType = text.plist.strings; name = nl; path = nl.lproj/InfoPlist.strings; sourceTree = "<group>"; };
		FED3F3442741C39A00E0F7F7 /* nl */ = {isa = PBXFileReference; lastKnownFileType = text.plist.strings; name = nl; path = nl.lproj/Localizable.strings; sourceTree = "<group>"; };
		FED92D0B2702977200C1EF82 /* Base */ = {isa = PBXFileReference; lastKnownFileType = file.xib; name = Base; path = Base.lproj/MainMenu.xib; sourceTree = "<group>"; };
		FED92D0E2702977B00C1EF82 /* cs */ = {isa = PBXFileReference; lastKnownFileType = text.plist.strings; name = cs; path = cs.lproj/MainMenu.strings; sourceTree = "<group>"; };
		FED92D102702978000C1EF82 /* fr */ = {isa = PBXFileReference; lastKnownFileType = text.plist.strings; name = fr; path = fr.lproj/MainMenu.strings; sourceTree = "<group>"; };
		FED92D122702978100C1EF82 /* de */ = {isa = PBXFileReference; lastKnownFileType = text.plist.strings; name = de; path = de.lproj/MainMenu.strings; sourceTree = "<group>"; };
		FED92D16270297AA00C1EF82 /* it */ = {isa = PBXFileReference; lastKnownFileType = text.plist.strings; name = it; path = it.lproj/MainMenu.strings; sourceTree = "<group>"; };
/* End PBXFileReference section */

/* Begin PBXFrameworksBuildPhase section */
		FE256E02098754DD003C11F1 /* Frameworks */ = {
			isa = PBXFrameworksBuildPhase;
			buildActionMask = 2147483647;
			files = (
				FE256E03098754DD003C11F1 /* Carbon.framework in Frameworks */,
				FE256E04098754DD003C11F1 /* Cocoa.framework in Frameworks */,
				FEA6ABB11055B23D00C436D8 /* Sparkle.framework in Frameworks */,
			);
			runOnlyForDeploymentPostprocessing = 0;
		};
		FE2940B91F970FB3003119BF /* Frameworks */ = {
			isa = PBXFrameworksBuildPhase;
			buildActionMask = 2147483647;
			files = (
				FE2940BA1F970FB3003119BF /* Carbon.framework in Frameworks */,
				FE2940BB1F970FB3003119BF /* Cocoa.framework in Frameworks */,
			);
			runOnlyForDeploymentPostprocessing = 0;
		};
/* End PBXFrameworksBuildPhase section */

/* Begin PBXGroup section */
		080E96DDFE201D6D7F000001 /* Classes */ = {
			isa = PBXGroup;
			children = (
				F538F2C5020362E401A80001 /* Cuppa_Render.h */,
				F538F2C6020362E401A80001 /* Cuppa_Render.m */,
				F538F2CD020371E201A80001 /* Cuppa_Control.h */,
				F538F2CB020371B601A80001 /* Cuppa_Control.m */,
				F51AB8AD0204B17101A80001 /* Cuppa_Bevy.h */,
				F51AB8B40204C19D01A80001 /* Cuppa_Bevy.m */,
				F51AB8AF0204B27301A80001 /* Cuppa_Shape.h */,
				F51AB8B10204B4E101A80001 /* Cuppa_Shape.m */,
			);
			name = Classes;
			sourceTree = "<group>";
		};
		1058C7A0FEA54F0111CA2CBB /* Linked Frameworks */ = {
			isa = PBXGroup;
			children = (
				FECF5BAD08DC6F6A00010F73 /* Carbon.framework */,
				FECF5BAE08DC6F6A00010F73 /* Cocoa.framework */,
			);
			name = "Linked Frameworks";
			sourceTree = "<group>";
		};
		1058C7A2FEA54F0111CA2CBB /* Other Frameworks */ = {
			isa = PBXGroup;
			children = (
				29B97325FDCFA39411CA2CEA /* Foundation.framework */,
				29B97324FDCFA39411CA2CEA /* AppKit.framework */,
			);
			name = "Other Frameworks";
			sourceTree = "<group>";
		};
		19C28FACFE9D520D11CA2CBB /* Products */ = {
			isa = PBXGroup;
			children = (
				FE256E0D098754DD003C11F1 /* Cuppa.app */,
				FE2940C61F970FB3003119BF /* Cuppa.app */,
			);
			name = Products;
			sourceTree = "<group>";
		};
		29B97314FDCFA39411CA2CEA /* cuppa */ = {
			isa = PBXGroup;
			children = (
				FE29BCEE2708D16C009C3D11 /* XCLocalization */,
				FE9207452564BE2400B7A6B2 /* LICENSE.txt */,
				FE2940C81F970FE1003119BF /* Cuppa-appstore.entitlements */,
				FE047FEB1F8ACE0C007333E7 /* README.md */,
				FE4DDAA91F81968B007C1FEB /* Cuppa.entitlements */,
				080E96DDFE201D6D7F000001 /* Classes */,
				29B97315FDCFA39411CA2CEA /* Other Sources */,
				29B97317FDCFA39411CA2CEA /* Resources */,
				29B97323FDCFA39411CA2CEA /* Frameworks */,
				19C28FACFE9D520D11CA2CBB /* Products */,
				FE256E0C098754DD003C11F1 /* Info-cuppa.plist */,
				73BD7D8F128A8350003013D4 /* InfoPlist.strings */,
			);
			name = cuppa;
			sourceTree = "<group>";
		};
		29B97315FDCFA39411CA2CEA /* Other Sources */ = {
			isa = PBXGroup;
			children = (
				29B97316FDCFA39411CA2CEA /* main.m */,
			);
			name = "Other Sources";
			sourceTree = "<group>";
		};
		29B97317FDCFA39411CA2CEA /* Resources */ = {
			isa = PBXGroup;
			children = (
				FED92D0C2702977200C1EF82 /* MainMenu.xib */,
				733D2380128B1707006033B0 /* help */,
				73251EFA12893F42008CD18E /* Localizable.strings */,
				F51FA18B02A0A7F401000002 /* Art */,
				F5F82AB002B1B0A201000008 /* Sound */,
			);
			name = Resources;
			sourceTree = "<group>";
		};
		29B97323FDCFA39411CA2CEA /* Frameworks */ = {
			isa = PBXGroup;
			children = (
				FEA6ABB01055B23D00C436D8 /* Sparkle.framework */,
				1058C7A0FEA54F0111CA2CBB /* Linked Frameworks */,
				1058C7A2FEA54F0111CA2CBB /* Other Frameworks */,
			);
			name = Frameworks;
			sourceTree = "<group>";
		};
		F51FA18B02A0A7F401000002 /* Art */ = {
			isa = PBXGroup;
			children = (
				FE9A9C8C1F847F5100F9AA57 /* teacup16@2x.png */,
				FE3F19C11F81CB6A0066AD74 /* icon.iconset */,
				F5F82AB502B1B6D201000008 /* teacup16.png */,
			);
			name = Art;
			sourceTree = "<group>";
		};
		F5F82AB002B1B0A201000008 /* Sound */ = {
			isa = PBXGroup;
			children = (
				FE5C9162092EC6E3003821C5 /* beep.aiff */,
				F5F82AB102B1B0A201000008 /* pour.aiff */,
				F5F82AB202B1B0A201000008 /* spoon.aiff */,
			);
			name = Sound;
			sourceTree = "<group>";
		};
		FE29BCEE2708D16C009C3D11 /* XCLocalization */ = {
			isa = PBXGroup;
			children = (
				FE46DF4B2974ED3800785EBA /* ru.xcloc */,
				FE46DF4C2974ED3800785EBA /* uk.xcloc */,
				FED3F33C2741BC7700E0F7F7 /* es.xcloc */,
				FED3F33D2741BC7700E0F7F7 /* nl.xcloc */,
				FE29BCEF2708D16C009C3D11 /* fr.xcloc */,
				FE29BCF02708D16C009C3D11 /* it.xcloc */,
				FE29BCF12708D16C009C3D11 /* cs.xcloc */,
				FE29BCF22708D16C009C3D11 /* en.xcloc */,
				FE29BCF32708D16C009C3D11 /* de.xcloc */,
			);
			path = XCLocalization;
			sourceTree = "<group>";
		};
/* End PBXGroup section */

/* Begin PBXHeadersBuildPhase section */
		FE256DDE098754DD003C11F1 /* Headers */ = {
			isa = PBXHeadersBuildPhase;
			buildActionMask = 2147483647;
			files = (
				FE256DDF098754DD003C11F1 /* Cuppa_Render.h in Headers */,
				FE256DE0098754DD003C11F1 /* Cuppa_Control.h in Headers */,
				FE256DE1098754DD003C11F1 /* Cuppa_Bevy.h in Headers */,
				FE256DE2098754DD003C11F1 /* Cuppa_Shape.h in Headers */,
			);
			runOnlyForDeploymentPostprocessing = 0;
		};
		FE2940A31F970FB3003119BF /* Headers */ = {
			isa = PBXHeadersBuildPhase;
			buildActionMask = 2147483647;
			files = (
				FE2940A41F970FB3003119BF /* Cuppa_Render.h in Headers */,
				FE2940A51F970FB3003119BF /* Cuppa_Control.h in Headers */,
				FE2940A61F970FB3003119BF /* Cuppa_Bevy.h in Headers */,
				FE2940A71F970FB3003119BF /* Cuppa_Shape.h in Headers */,
			);
			runOnlyForDeploymentPostprocessing = 0;
		};
/* End PBXHeadersBuildPhase section */

/* Begin PBXNativeTarget section */
		FE256DDD098754DD003C11F1 /* cuppa */ = {
			isa = PBXNativeTarget;
			buildConfigurationList = FE256E08098754DD003C11F1 /* Build configuration list for PBXNativeTarget "cuppa" */;
			buildPhases = (
				FE256DDE098754DD003C11F1 /* Headers */,
				FE256DE3098754DD003C11F1 /* Resources */,
				FE256DFC098754DD003C11F1 /* Sources */,
				FE256E02098754DD003C11F1 /* Frameworks */,
				FE4295AA0DC37BA800C2F743 /* CopyFiles */,
				FE8E83C91F8343CB0024D5D0 /* ShellScript */,
			);
			buildRules = (
			);
			dependencies = (
			);
			name = cuppa;
			productInstallPath = "$(HOME)/Applications";
			productName = cuppa;
			productReference = FE256E0D098754DD003C11F1 /* Cuppa.app */;
			productType = "com.apple.product-type.application";
		};
		FE2940A21F970FB3003119BF /* cuppa-appstore */ = {
			isa = PBXNativeTarget;
			buildConfigurationList = FE2940C21F970FB3003119BF /* Build configuration list for PBXNativeTarget "cuppa-appstore" */;
			buildPhases = (
				FE2940A31F970FB3003119BF /* Headers */,
				FE2940A81F970FB3003119BF /* Resources */,
				FE2940B31F970FB3003119BF /* Sources */,
				FE2940B91F970FB3003119BF /* Frameworks */,
			);
			buildRules = (
			);
			dependencies = (
			);
			name = "cuppa-appstore";
			productInstallPath = "$(HOME)/Applications";
			productName = cuppa;
			productReference = FE2940C61F970FB3003119BF /* Cuppa.app */;
			productType = "com.apple.product-type.application";
		};
/* End PBXNativeTarget section */

/* Begin PBXProject section */
		29B97313FDCFA39411CA2CEA /* Project object */ = {
			isa = PBXProject;
			attributes = {
				LastUpgradeCheck = 1020;
				TargetAttributes = {
					FE256DDD098754DD003C11F1 = {
						DevelopmentTeam = BTLTN4T7QF;
						ProvisioningStyle = Manual;
						SystemCapabilities = {
							com.apple.Sandbox = {
								enabled = 0;
							};
						};
					};
					FE2940A21F970FB3003119BF = {
						DevelopmentTeam = BTLTN4T7QF;
						ProvisioningStyle = Manual;
						SystemCapabilities = {
							com.apple.Sandbox = {
								enabled = 1;
							};
						};
					};
				};
			};
			buildConfigurationList = FE1AAAD608B95B9C00DAFB86 /* Build configuration list for PBXProject "cuppa" */;
			compatibilityVersion = "Xcode 3.2";
			developmentRegion = en;
			hasScannedForEncodings = 0;
			knownRegions = (
				it,
				fr,
				cs,
				de,
				en,
				Base,
				es,
				nl,
				ru,
				uk,
			);
			mainGroup = 29B97314FDCFA39411CA2CEA /* cuppa */;
			projectDirPath = "";
			projectRoot = "";
			targets = (
				FE256DDD098754DD003C11F1 /* cuppa */,
				FE2940A21F970FB3003119BF /* cuppa-appstore */,
			);
		};
/* End PBXProject section */

/* Begin PBXResourcesBuildPhase section */
		FE256DE3098754DD003C11F1 /* Resources */ = {
			isa = PBXResourcesBuildPhase;
			buildActionMask = 2147483647;
			files = (
				FE256DE9098754DD003C11F1 /* pour.aiff in Resources */,
				FE256DEA098754DD003C11F1 /* spoon.aiff in Resources */,
				FE256DEB098754DD003C11F1 /* teacup16.png in Resources */,
				FE9A9C8D1F847F5100F9AA57 /* teacup16@2x.png in Resources */,
				FE256DFB098754DD003C11F1 /* beep.aiff in Resources */,
				73251EFC12893F42008CD18E /* Localizable.strings in Resources */,
				73BD7D91128A8350003013D4 /* InfoPlist.strings in Resources */,
				FE3F19C21F81CB6A0066AD74 /* icon.iconset in Resources */,
				733D2385128B1707006033B0 /* help in Resources */,
				FED92D092702977200C1EF82 /* MainMenu.xib in Resources */,
			);
			runOnlyForDeploymentPostprocessing = 0;
		};
		FE2940A81F970FB3003119BF /* Resources */ = {
			isa = PBXResourcesBuildPhase;
			buildActionMask = 2147483647;
			files = (
				FE2940A91F970FB3003119BF /* pour.aiff in Resources */,
				FE2940AA1F970FB3003119BF /* spoon.aiff in Resources */,
				FE2940AB1F970FB3003119BF /* teacup16.png in Resources */,
				FED92D0A2702977200C1EF82 /* MainMenu.xib in Resources */,
				FE2940AD1F970FB3003119BF /* teacup16@2x.png in Resources */,
				FE2940AE1F970FB3003119BF /* beep.aiff in Resources */,
				FE2940AF1F970FB3003119BF /* Localizable.strings in Resources */,
				FE2940B01F970FB3003119BF /* InfoPlist.strings in Resources */,
				FE2940B11F970FB3003119BF /* icon.iconset in Resources */,
				FE2940B21F970FB3003119BF /* help in Resources */,
			);
			runOnlyForDeploymentPostprocessing = 0;
		};
/* End PBXResourcesBuildPhase section */

/* Begin PBXShellScriptBuildPhase section */
		FE8E83C91F8343CB0024D5D0 /* ShellScript */ = {
			isa = PBXShellScriptBuildPhase;
			buildActionMask = 2147483647;
			files = (
			);
			inputPaths = (
			);
			outputPaths = (
			);
			runOnlyForDeploymentPostprocessing = 0;
			shellPath = /bin/sh;
			shellScript = "# Generate files for signed Sparkle app release\n# NC 10/2017 (obviously with much help from the internets)\n\nset -o errexit\n\n# Set paths\nVERSION=$(defaults read \"$BUILT_PRODUCTS_DIR/$PROJECT_NAME.app/Contents/Info\" CFBundleGetInfoString)\nBUNDLE_VERSION=$(defaults read \"$BUILT_PRODUCTS_DIR/$PROJECT_NAME.app/Contents/Info\" CFBundleVersion)\nDOWNLOAD_BASE_URL=\"https://www.nathanatos.com/software/downloads\"\nCREATEDMG_PATH=\"$SOURCE_ROOT/../Cuppa-support/create-dmg\"\nSPARKLE_PATH=\"$SOURCE_ROOT/../Cuppa-support/Sparkle\"\nDMG_FILENAME=\"$EXECUTABLE_NAME-$VERSION.dmg\"\nARCHIVE_FILENAME=\"$EXECUTABLE_NAME-$VERSION.zip\"\nAPPCAST_FILENAME=\"$EXECUTABLE_NAME-$VERSION.xml\"\nDOWNLOAD_URL=\"$DOWNLOAD_BASE_URL/$ARCHIVE_FILENAME\"\n\n# Cleanup any leftovers before building\nWD=$PWD\ncd \"$BUILT_PRODUCTS_DIR\"\nrm -rf \"$DMG_FILENAME\"\nrm -rf \"$APPCAST_FILENAME\"\nrm -rf \"$ARCHIVE_FILENAME\"\nrm -rf \"/tmp/$DMG_FILENAME\"\n\n# Remove all extended attributes before signing\nxattr -cr \"$PROJECT_NAME.app\"\n\n# Sign Sparkle executable with Developer ID\ncodesign --force --timestamp --deep --options=runtime --sign \"Developer ID Application\" \"$BUILT_PRODUCTS_DIR/$PROJECT_NAME.app/Contents/Frameworks/Sparkle.framework/Versions/A/Resources/Autoupdate.app\"\n\n# Sign entire app bundle with Developer ID\ncodesign --force --timestamp --deep --options=runtime --sign \"Developer ID Application\" \"$PROJECT_NAME.app\"\n\n# Create a codesigned DMG for web distribution\n\"$CREATEDMG_PATH/create-dmg\" \\\n  --volname \"$EXECUTABLE_NAME $VERSION Installer\" \\\n  --window-pos 200 120 \\\n  --window-size 720 360 \\\n  --background \"$CREATEDMG_PATH/$EXECUTABLE_NAME-dmg-background.tiff\" \\\n  --icon-size 128 \\\n  --icon $PROJECT_NAME.app 140 160 \\\n  --hide-extension $PROJECT_NAME.app \\\n  --app-drop-link 580 160 \\\n\"/tmp/$DMG_FILENAME\" \"$BUILT_PRODUCTS_DIR\"\ncodesign --force --timestamp --deep --options=runtime --sign \"Developer ID Application\" \"/tmp/$DMG_FILENAME\"\nmv \"/tmp/$DMG_FILENAME\" \"$BUILT_PRODUCTS_DIR/$DMG_FILENAME\"\n\n# Create a zip archive for Sparkle distribution\nditto -c -k --sequesterRsrc --keepParent \"$PROJECT_NAME.app\" \"$ARCHIVE_FILENAME\"\n\n# Use Sparkle tools to sign the archive\nPUBDATE=$(LC_TIME=en_US date +\"%a, %d %b %G %T %z\")\nSIGNATURE=$(\"$SPARKLE_PATH/sign_update\" \"$ARCHIVE_FILENAME\")\n\n# Write a Sparkle appcast template for this release\ncat > \"$APPCAST_FILENAME\" <<EOF\n<item>\n<title>Version $VERSION</title>\n<description><![CDATA[\n<p>\n</p>\n]]></description>\n<sparkle:minimumSystemVersion>$MACOSX_DEPLOYMENT_TARGET</sparkle:minimumSystemVersion>\n<pubDate>$PUBDATE</pubDate>\n<enclosure\nurl=\"$DOWNLOAD_URL\"\nsparkle:version=\"$BUNDLE_VERSION\"\nsparkle:shortVersionString=\"$VERSION\"\ntype=\"application/octet-stream\"\n$SIGNATURE\n/>\n</item>\nEOF\n";
		};
/* End PBXShellScriptBuildPhase section */

/* Begin PBXSourcesBuildPhase section */
		FE256DFC098754DD003C11F1 /* Sources */ = {
			isa = PBXSourcesBuildPhase;
			buildActionMask = 2147483647;
			files = (
				FE256DFD098754DD003C11F1 /* main.m in Sources */,
				FE256DFE098754DD003C11F1 /* Cuppa_Render.m in Sources */,
				FE256DFF098754DD003C11F1 /* Cuppa_Control.m in Sources */,
				FE256E00098754DD003C11F1 /* Cuppa_Shape.m in Sources */,
				FE256E01098754DD003C11F1 /* Cuppa_Bevy.m in Sources */,
			);
			runOnlyForDeploymentPostprocessing = 0;
		};
		FE2940B31F970FB3003119BF /* Sources */ = {
			isa = PBXSourcesBuildPhase;
			buildActionMask = 2147483647;
			files = (
				FE2940B41F970FB3003119BF /* main.m in Sources */,
				FE2940B51F970FB3003119BF /* Cuppa_Render.m in Sources */,
				FE2940B61F970FB3003119BF /* Cuppa_Control.m in Sources */,
				FE2940B71F970FB3003119BF /* Cuppa_Shape.m in Sources */,
				FE2940B81F970FB3003119BF /* Cuppa_Bevy.m in Sources */,
			);
			runOnlyForDeploymentPostprocessing = 0;
		};
/* End PBXSourcesBuildPhase section */

/* Begin PBXVariantGroup section */
		73251EFA12893F42008CD18E /* Localizable.strings */ = {
			isa = PBXVariantGroup;
			children = (
				FEA42E04225183C800A50A78 /* it */,
				FEA42E08225183E000A50A78 /* fr */,
				FEA42E0C225183E700A50A78 /* cs */,
				FEA42E10225183EA00A50A78 /* de */,
				FEA42E14225183F200A50A78 /* en */,
				FED3F3402741BFA400E0F7F7 /* es */,
				FED3F3442741C39A00E0F7F7 /* nl */,
				FE50C1952974EEDB0034CBC1 /* ru */,
				FE50C1992974EF9E0034CBC1 /* uk */,
			);
			name = Localizable.strings;
			sourceTree = "<group>";
		};
		733D2380128B1707006033B0 /* help */ = {
			isa = PBXVariantGroup;
			children = (
				FEA42E06225183C900A50A78 /* it */,
				FEA42E0A225183E000A50A78 /* fr */,
				FEA42E0E225183E700A50A78 /* cs */,
				FEA42E12225183EA00A50A78 /* de */,
				FEA42E16225183F200A50A78 /* en */,
				FED3F3422741C39A00E0F7F7 /* nl */,
				FE50C1932974EEDB0034CBC1 /* ru */,
				FE50C1972974EF9E0034CBC1 /* uk */,
			);
			name = help;
			sourceTree = "<group>";
		};
		73BD7D8F128A8350003013D4 /* InfoPlist.strings */ = {
			isa = PBXVariantGroup;
			children = (
				FEA42E03225183C800A50A78 /* it */,
				FEA42E07225183DF00A50A78 /* fr */,
				FEA42E0B225183E700A50A78 /* cs */,
				FEA42E0F225183EA00A50A78 /* de */,
				FEA42E13225183F200A50A78 /* en */,
				FED3F33F2741BFA400E0F7F7 /* es */,
				FED3F3432741C39A00E0F7F7 /* nl */,
				FE50C1942974EEDB0034CBC1 /* ru */,
				FE50C1982974EF9E0034CBC1 /* uk */,
			);
			name = InfoPlist.strings;
			sourceTree = "<group>";
		};
		FED92D0C2702977200C1EF82 /* MainMenu.xib */ = {
			isa = PBXVariantGroup;
			children = (
				FED92D0B2702977200C1EF82 /* Base */,
				FED92D0E2702977B00C1EF82 /* cs */,
				FED92D102702978000C1EF82 /* fr */,
				FED92D122702978100C1EF82 /* de */,
				FED92D16270297AA00C1EF82 /* it */,
				FEA0D9C4270298AE00955E39 /* en */,
				FED3F33E2741BFA400E0F7F7 /* es */,
				FED3F3412741C39A00E0F7F7 /* nl */,
				FE50C1922974EEDB0034CBC1 /* ru */,
				FE50C1962974EF9E0034CBC1 /* uk */,
			);
			name = MainMenu.xib;
			sourceTree = "<group>";
		};
/* End PBXVariantGroup section */

/* Begin XCBuildConfiguration section */
		FE1AAAD708B95B9C00DAFB86 /* Development */ = {
			isa = XCBuildConfiguration;
			buildSettings = {
				CLANG_ANALYZER_LOCALIZABILITY_NONLOCALIZED = YES;
				CLANG_WARN_BLOCK_CAPTURE_AUTORELEASING = YES;
				CLANG_WARN_BOOL_CONVERSION = YES;
				CLANG_WARN_COMMA = YES;
				CLANG_WARN_CONSTANT_CONVERSION = YES;
				CLANG_WARN_DEPRECATED_OBJC_IMPLEMENTATIONS = YES;
				CLANG_WARN_EMPTY_BODY = YES;
				CLANG_WARN_ENUM_CONVERSION = YES;
				CLANG_WARN_INFINITE_RECURSION = YES;
				CLANG_WARN_INT_CONVERSION = YES;
				CLANG_WARN_NON_LITERAL_NULL_CONVERSION = YES;
				CLANG_WARN_OBJC_IMPLICIT_RETAIN_SELF = YES;
				CLANG_WARN_OBJC_LITERAL_CONVERSION = YES;
				CLANG_WARN_RANGE_LOOP_ANALYSIS = YES;
				CLANG_WARN_STRICT_PROTOTYPES = YES;
				CLANG_WARN_SUSPICIOUS_MOVE = YES;
				CLANG_WARN_UNREACHABLE_CODE = YES;
				CLANG_WARN__DUPLICATE_METHOD_MATCH = YES;
				ENABLE_STRICT_OBJC_MSGSEND = YES;
				ENABLE_TESTABILITY = YES;
				GCC_NO_COMMON_BLOCKS = YES;
				GCC_PREPROCESSOR_DEFINITIONS = "APPSTORE_BUILD=0";
				GCC_VERSION = "";
				GCC_WARN_64_TO_32_BIT_CONVERSION = YES;
				GCC_WARN_ABOUT_RETURN_TYPE = YES;
				GCC_WARN_UNDECLARED_SELECTOR = YES;
				GCC_WARN_UNINITIALIZED_AUTOS = YES;
				GCC_WARN_UNUSED_FUNCTION = YES;
				GCC_WARN_UNUSED_VARIABLE = YES;
				MACOSX_DEPLOYMENT_TARGET = 10.9;
				ONLY_ACTIVE_ARCH = YES;
				SDKROOT = macosx;
			};
			name = Development;
		};
		FE1AAAD808B95B9C00DAFB86 /* Deployment */ = {
			isa = XCBuildConfiguration;
			buildSettings = {
				CLANG_ANALYZER_LOCALIZABILITY_NONLOCALIZED = YES;
				CLANG_WARN_BLOCK_CAPTURE_AUTORELEASING = YES;
				CLANG_WARN_BOOL_CONVERSION = YES;
				CLANG_WARN_COMMA = YES;
				CLANG_WARN_CONSTANT_CONVERSION = YES;
				CLANG_WARN_DEPRECATED_OBJC_IMPLEMENTATIONS = YES;
				CLANG_WARN_EMPTY_BODY = YES;
				CLANG_WARN_ENUM_CONVERSION = YES;
				CLANG_WARN_INFINITE_RECURSION = YES;
				CLANG_WARN_INT_CONVERSION = YES;
				CLANG_WARN_NON_LITERAL_NULL_CONVERSION = YES;
				CLANG_WARN_OBJC_IMPLICIT_RETAIN_SELF = YES;
				CLANG_WARN_OBJC_LITERAL_CONVERSION = YES;
				CLANG_WARN_RANGE_LOOP_ANALYSIS = YES;
				CLANG_WARN_STRICT_PROTOTYPES = YES;
				CLANG_WARN_SUSPICIOUS_MOVE = YES;
				CLANG_WARN_UNREACHABLE_CODE = YES;
				CLANG_WARN__DUPLICATE_METHOD_MATCH = YES;
				ENABLE_STRICT_OBJC_MSGSEND = YES;
				GCC_NO_COMMON_BLOCKS = YES;
				GCC_PREPROCESSOR_DEFINITIONS = "APPSTORE_BUILD=0";
				GCC_VERSION = "";
				GCC_WARN_64_TO_32_BIT_CONVERSION = YES;
				GCC_WARN_ABOUT_RETURN_TYPE = YES;
				GCC_WARN_UNDECLARED_SELECTOR = YES;
				GCC_WARN_UNINITIALIZED_AUTOS = YES;
				GCC_WARN_UNUSED_FUNCTION = YES;
				GCC_WARN_UNUSED_VARIABLE = YES;
				MACOSX_DEPLOYMENT_TARGET = 10.9;
				ONLY_ACTIVE_ARCH = NO;
				SDKROOT = macosx;
			};
			name = Deployment;
		};
		FE1AAAD908B95B9C00DAFB86 /* Default */ = {
			isa = XCBuildConfiguration;
			buildSettings = {
				CLANG_ANALYZER_LOCALIZABILITY_NONLOCALIZED = YES;
				CLANG_WARN_BLOCK_CAPTURE_AUTORELEASING = YES;
				CLANG_WARN_BOOL_CONVERSION = YES;
				CLANG_WARN_COMMA = YES;
				CLANG_WARN_CONSTANT_CONVERSION = YES;
				CLANG_WARN_DEPRECATED_OBJC_IMPLEMENTATIONS = YES;
				CLANG_WARN_EMPTY_BODY = YES;
				CLANG_WARN_ENUM_CONVERSION = YES;
				CLANG_WARN_INFINITE_RECURSION = YES;
				CLANG_WARN_INT_CONVERSION = YES;
				CLANG_WARN_NON_LITERAL_NULL_CONVERSION = YES;
				CLANG_WARN_OBJC_IMPLICIT_RETAIN_SELF = YES;
				CLANG_WARN_OBJC_LITERAL_CONVERSION = YES;
				CLANG_WARN_RANGE_LOOP_ANALYSIS = YES;
				CLANG_WARN_STRICT_PROTOTYPES = YES;
				CLANG_WARN_SUSPICIOUS_MOVE = YES;
				CLANG_WARN_UNREACHABLE_CODE = YES;
				CLANG_WARN__DUPLICATE_METHOD_MATCH = YES;
				ENABLE_STRICT_OBJC_MSGSEND = YES;
				GCC_NO_COMMON_BLOCKS = YES;
				GCC_PREPROCESSOR_DEFINITIONS = "APPSTORE_BUILD=0";
				GCC_VERSION = "";
				GCC_WARN_64_TO_32_BIT_CONVERSION = YES;
				GCC_WARN_ABOUT_RETURN_TYPE = YES;
				GCC_WARN_UNDECLARED_SELECTOR = YES;
				GCC_WARN_UNINITIALIZED_AUTOS = YES;
				GCC_WARN_UNUSED_FUNCTION = YES;
				GCC_WARN_UNUSED_VARIABLE = YES;
				MACOSX_DEPLOYMENT_TARGET = 10.9;
				ONLY_ACTIVE_ARCH = NO;
				SDKROOT = macosx;
			};
			name = Default;
		};
		FE256E09098754DD003C11F1 /* Development */ = {
			isa = XCBuildConfiguration;
			buildSettings = {
				CLANG_ENABLE_OBJC_WEAK = YES;
				CODE_SIGN_IDENTITY = "Developer ID Application";
				"CODE_SIGN_IDENTITY[sdk=macosx*]" = "Developer ID Application";
				CODE_SIGN_STYLE = Manual;
				COMBINE_HIDPI_IMAGES = YES;
				COPY_PHASE_STRIP = NO;
				DEVELOPMENT_TEAM = BTLTN4T7QF;
				FRAMEWORK_SEARCH_PATHS = (
					"$(LOCAL_LIBRARY_DIR)/Frameworks",
					"$(SRCROOT)",
				);
				GCC_DYNAMIC_NO_PIC = NO;
				GCC_GENERATE_DEBUGGING_SYMBOLS = YES;
				GCC_OPTIMIZATION_LEVEL = 0;
				GCC_VERSION = com.apple.compilers.llvm.clang.1_0;
				HEADER_SEARCH_PATHS = "";
				INFOPLIST_FILE = "Info-cuppa.plist";
				INSTALL_PATH = "$(HOME)/Applications";
				LD_RUNPATH_SEARCH_PATHS = "@loader_path/../Frameworks";
				LIBRARY_SEARCH_PATHS = "";
				MACOSX_DEPLOYMENT_TARGET = 10.9;
				OTHER_CFLAGS = "";
				OTHER_LDFLAGS = "";
				PRODUCT_BUNDLE_IDENTIFIER = com.nathanatos.Cuppa.Mac;
				PRODUCT_NAME = Cuppa;
				PROVISIONING_PROFILE_SPECIFIER = "";
				SECTORDER_FLAGS = "";
				WARNING_CFLAGS = (
					"-Wmost",
					"-Wno-four-char-constants",
					"-Wno-unknown-pragmas",
				);
				WRAPPER_EXTENSION = app;
			};
			name = Development;
		};
		FE256E0A098754DD003C11F1 /* Deployment */ = {
			isa = XCBuildConfiguration;
			buildSettings = {
				CLANG_ENABLE_OBJC_WEAK = YES;
				CODE_SIGN_IDENTITY = "Developer ID Application";
				CODE_SIGN_INJECT_BASE_ENTITLEMENTS = NO;
				CODE_SIGN_STYLE = Manual;
				COMBINE_HIDPI_IMAGES = YES;
				COPY_PHASE_STRIP = YES;
				DEVELOPMENT_TEAM = BTLTN4T7QF;
				FRAMEWORK_SEARCH_PATHS = (
					"$(LOCAL_LIBRARY_DIR)/Frameworks",
					"$(SRCROOT)",
				);
				GCC_OPTIMIZATION_LEVEL = 3;
				GCC_VERSION = com.apple.compilers.llvm.clang.1_0;
				HEADER_SEARCH_PATHS = "";
				INFOPLIST_FILE = "Info-cuppa.plist";
				INSTALL_PATH = "$(HOME)/Applications";
				LD_RUNPATH_SEARCH_PATHS = "@loader_path/../Frameworks";
				LIBRARY_SEARCH_PATHS = "";
				MACOSX_DEPLOYMENT_TARGET = 10.9;
				OTHER_CFLAGS = "";
				OTHER_LDFLAGS = "";
				PRODUCT_BUNDLE_IDENTIFIER = com.nathanatos.Cuppa.Mac;
				PRODUCT_NAME = Cuppa;
				PROVISIONING_PROFILE_SPECIFIER = "";
				SECTORDER_FLAGS = "";
				WARNING_CFLAGS = (
					"-Wmost",
					"-Wno-four-char-constants",
					"-Wno-unknown-pragmas",
				);
				WRAPPER_EXTENSION = app;
			};
			name = Deployment;
		};
		FE256E0B098754DD003C11F1 /* Default */ = {
			isa = XCBuildConfiguration;
			buildSettings = {
				CLANG_ENABLE_OBJC_WEAK = YES;
				CODE_SIGN_IDENTITY = "Developer ID Application";
				CODE_SIGN_INJECT_BASE_ENTITLEMENTS = NO;
				CODE_SIGN_STYLE = Manual;
				COMBINE_HIDPI_IMAGES = YES;
				DEVELOPMENT_TEAM = BTLTN4T7QF;
				FRAMEWORK_SEARCH_PATHS = (
					"$(LOCAL_LIBRARY_DIR)/Frameworks",
					"$(SRCROOT)",
				);
				GCC_VERSION = com.apple.compilers.llvm.clang.1_0;
				HEADER_SEARCH_PATHS = "";
				INFOPLIST_FILE = "Info-cuppa.plist";
				INSTALL_PATH = "$(HOME)/Applications";
				LD_RUNPATH_SEARCH_PATHS = "@loader_path/../Frameworks";
				LIBRARY_SEARCH_PATHS = "";
				MACOSX_DEPLOYMENT_TARGET = 10.9;
				OTHER_CFLAGS = "";
				OTHER_LDFLAGS = "";
				PRODUCT_BUNDLE_IDENTIFIER = com.nathanatos.Cuppa.Mac;
				PRODUCT_NAME = Cuppa;
				PROVISIONING_PROFILE_SPECIFIER = "";
				SECTORDER_FLAGS = "";
				WARNING_CFLAGS = (
					"-Wmost",
					"-Wno-four-char-constants",
					"-Wno-unknown-pragmas",
				);
				WRAPPER_EXTENSION = app;
			};
			name = Default;
		};
		FE2940C31F970FB3003119BF /* Development */ = {
			isa = XCBuildConfiguration;
			buildSettings = {
				CLANG_ENABLE_OBJC_WEAK = YES;
				CODE_SIGN_ENTITLEMENTS = "Cuppa-appstore.entitlements";
				CODE_SIGN_IDENTITY = "3rd Party Mac Developer Application";
				CODE_SIGN_STYLE = Manual;
				COMBINE_HIDPI_IMAGES = YES;
				COPY_PHASE_STRIP = NO;
				DEVELOPMENT_TEAM = BTLTN4T7QF;
				FRAMEWORK_SEARCH_PATHS = (
					"$(LOCAL_LIBRARY_DIR)/Frameworks",
					"$(SRCROOT)",
				);
				GCC_DYNAMIC_NO_PIC = NO;
				GCC_GENERATE_DEBUGGING_SYMBOLS = YES;
				GCC_OPTIMIZATION_LEVEL = 0;
				GCC_PREPROCESSOR_DEFINITIONS = "APPSTORE_BUILD=1";
				GCC_VERSION = com.apple.compilers.llvm.clang.1_0;
				HEADER_SEARCH_PATHS = "";
				INFOPLIST_FILE = "Info-cuppa.plist";
				INSTALL_PATH = /Applications;
				LD_RUNPATH_SEARCH_PATHS = "@loader_path/../Frameworks";
				LIBRARY_SEARCH_PATHS = "";
				OTHER_CFLAGS = "";
				OTHER_LDFLAGS = "";
				PRODUCT_BUNDLE_IDENTIFIER = com.nathanatos.Cuppa.Mac;
				PRODUCT_NAME = Cuppa;
				PROVISIONING_PROFILE_SPECIFIER = "";
				SECTORDER_FLAGS = "";
				SYMROOT = "build-appstore";
				WARNING_CFLAGS = (
					"-Wmost",
					"-Wno-four-char-constants",
					"-Wno-unknown-pragmas",
				);
				WRAPPER_EXTENSION = app;
			};
			name = Development;
		};
		FE2940C41F970FB3003119BF /* Deployment */ = {
			isa = XCBuildConfiguration;
			buildSettings = {
				CLANG_ENABLE_OBJC_WEAK = YES;
				CODE_SIGN_ENTITLEMENTS = "Cuppa-appstore.entitlements";
				CODE_SIGN_IDENTITY = "3rd Party Mac Developer Application";
				CODE_SIGN_STYLE = Manual;
				COMBINE_HIDPI_IMAGES = YES;
				COPY_PHASE_STRIP = YES;
				DEVELOPMENT_TEAM = BTLTN4T7QF;
				FRAMEWORK_SEARCH_PATHS = (
					"$(LOCAL_LIBRARY_DIR)/Frameworks",
					"$(SRCROOT)",
				);
				GCC_OPTIMIZATION_LEVEL = 3;
				GCC_PREPROCESSOR_DEFINITIONS = "APPSTORE_BUILD=1";
				GCC_VERSION = com.apple.compilers.llvm.clang.1_0;
				HEADER_SEARCH_PATHS = "";
				INFOPLIST_FILE = "Info-cuppa.plist";
				INSTALL_PATH = /Applications;
				LD_RUNPATH_SEARCH_PATHS = "@loader_path/../Frameworks";
				LIBRARY_SEARCH_PATHS = "";
				OTHER_CFLAGS = "";
				OTHER_LDFLAGS = "";
				PRODUCT_BUNDLE_IDENTIFIER = com.nathanatos.Cuppa.Mac;
				PRODUCT_NAME = Cuppa;
				PROVISIONING_PROFILE_SPECIFIER = "";
				SECTORDER_FLAGS = "";
				SYMROOT = "build-appstore";
				WARNING_CFLAGS = (
					"-Wmost",
					"-Wno-four-char-constants",
					"-Wno-unknown-pragmas",
				);
				WRAPPER_EXTENSION = app;
			};
			name = Deployment;
		};
		FE2940C51F970FB3003119BF /* Default */ = {
			isa = XCBuildConfiguration;
			buildSettings = {
				CLANG_ENABLE_OBJC_WEAK = YES;
				CODE_SIGN_ENTITLEMENTS = "Cuppa-appstore.entitlements";
				CODE_SIGN_IDENTITY = "3rd Party Mac Developer Application";
				CODE_SIGN_STYLE = Manual;
				COMBINE_HIDPI_IMAGES = YES;
				DEVELOPMENT_TEAM = BTLTN4T7QF;
				FRAMEWORK_SEARCH_PATHS = (
					"$(LOCAL_LIBRARY_DIR)/Frameworks",
					"$(SRCROOT)",
				);
				GCC_PREPROCESSOR_DEFINITIONS = "APPSTORE_BUILD=1";
				GCC_VERSION = com.apple.compilers.llvm.clang.1_0;
				HEADER_SEARCH_PATHS = "";
				INFOPLIST_FILE = "Info-cuppa.plist";
				INSTALL_PATH = /Applications;
				LD_RUNPATH_SEARCH_PATHS = "@loader_path/../Frameworks";
				LIBRARY_SEARCH_PATHS = "";
				OTHER_CFLAGS = "";
				OTHER_LDFLAGS = "";
				PRODUCT_BUNDLE_IDENTIFIER = com.nathanatos.Cuppa.Mac;
				PRODUCT_NAME = Cuppa;
				PROVISIONING_PROFILE_SPECIFIER = "";
				SECTORDER_FLAGS = "";
				SYMROOT = "build-appstore";
				WARNING_CFLAGS = (
					"-Wmost",
					"-Wno-four-char-constants",
					"-Wno-unknown-pragmas",
				);
				WRAPPER_EXTENSION = app;
			};
			name = Default;
		};
/* End XCBuildConfiguration section */

/* Begin XCConfigurationList section */
		FE1AAAD608B95B9C00DAFB86 /* Build configuration list for PBXProject "cuppa" */ = {
			isa = XCConfigurationList;
			buildConfigurations = (
				FE1AAAD708B95B9C00DAFB86 /* Development */,
				FE1AAAD808B95B9C00DAFB86 /* Deployment */,
				FE1AAAD908B95B9C00DAFB86 /* Default */,
			);
			defaultConfigurationIsVisible = 0;
			defaultConfigurationName = Default;
		};
		FE256E08098754DD003C11F1 /* Build configuration list for PBXNativeTarget "cuppa" */ = {
			isa = XCConfigurationList;
			buildConfigurations = (
				FE256E09098754DD003C11F1 /* Development */,
				FE256E0A098754DD003C11F1 /* Deployment */,
				FE256E0B098754DD003C11F1 /* Default */,
			);
			defaultConfigurationIsVisible = 0;
			defaultConfigurationName = Default;
		};
		FE2940C21F970FB3003119BF /* Build configuration list for PBXNativeTarget "cuppa-appstore" */ = {
			isa = XCConfigurationList;
			buildConfigurations = (
				FE2940C31F970FB3003119BF /* Development */,
				FE2940C41F970FB3003119BF /* Deployment */,
				FE2940C51F970FB3003119BF /* Default */,
			);
			defaultConfigurationIsVisible = 0;
			defaultConfigurationName = Default;
		};
/* End XCConfigurationList section */
	};
	rootObject = 29B97313FDCFA39411CA2CEA /* Project object */;
}
